
Microsoft Visual Studio Solution File, Format Version 12.00
# Visual Studio Version 16
VisualStudioVersion = 16.0.33927.289
MinimumVisualStudioVersion = 10.0.40219.1
Project("{2150E333-8FDC-42A3-9474-1A3956D46DE8}") = "Task0", "Task0", "{1B7D5C28-8CBA-4664-9499-474C0B133B1D}"
EndProject
Project("{FAE04EC0-301F-11D3-BF4B-00C04F79EFBC}") = "Tyuiu.ZargarovAA.Sprint2.Task0.V26", "Tyuiu.ZargarovAA.Sprint2.Task0.V26\Tyuiu.ZargarovAA.Sprint2.Task0.V26.csproj", "{B3A19182-4AD7-4586-973F-A3087BA7B59B}"
EndProject
Project("{FAE04EC0-301F-11D3-BF4B-00C04F79EFBC}") = "Tyuiu.ZargarovAA.Sprint2.Task0.V26.Lib", "Tyuiu.ZargarovAA.Sprint2.Task0.V26.Lib\Tyuiu.ZargarovAA.Sprint2.Task0.V26.Lib.csproj", "{D171C340-54BF-411E-9406-65831D8FB7A2}"
EndProject
Project("{FAE04EC0-301F-11D3-BF4B-00C04F79EFBC}") = "Tyuiu.ZargarovAA.Sprint2.Task0.V26.Test", "Tyuiu.ZargarovAA.Sprint2.Task0.V26.Test\Tyuiu.ZargarovAA.Sprint2.Task0.V26.Test.csproj", "{C590605B-6340-4562-BE89-8A6A4D27E034}"
EndProject
Global
	GlobalSection(SolutionConfigurationPlatforms) = preSolution
		Debug|Any CPU = Debug|Any CPU
		Release|Any CPU = Release|Any CPU
	EndGlobalSection
	GlobalSection(ProjectConfigurationPlatforms) = postSolution
		{B3A19182-4AD7-4586-973F-A3087BA7B59B}.Debug|Any CPU.ActiveCfg = Debug|Any CPU
		{B3A19182-4AD7-4586-973F-A3087BA7B59B}.Debug|Any CPU.Build.0 = Debug|Any CPU
		{B3A19182-4AD7-4586-973F-A3087BA7B59B}.Release|Any CPU.ActiveCfg = Release|Any CPU
		{B3A19182-4AD7-4586-973F-A3087BA7B59B}.Release|Any CPU.Build.0 = Release|Any CPU
		{D171C340-54BF-411E-9406-65831D8FB7A2}.Debug|Any CPU.ActiveCfg = Debug|Any CPU
		{D171C340-54BF-411E-9406-65831D8FB7A2}.Debug|Any CPU.Build.0 = Debug|Any CPU
		{D171C340-54BF-411E-9406-65831D8FB7A2}.Release|Any CPU.ActiveCfg = Release|Any CPU
		{D171C340-54BF-411E-9406-65831D8FB7A2}.Release|Any CPU.Build.0 = Release|Any CPU
		{C590605B-6340-4562-BE89-8A6A4D27E034}.Debug|Any CPU.ActiveCfg = Debug|Any CPU
		{C590605B-6340-4562-BE89-8A6A4D27E034}.Debug|Any CPU.Build.0 = Debug|Any CPU
		{C590605B-6340-4562-BE89-8A6A4D27E034}.Release|Any CPU.ActiveCfg = Release|Any CPU
		{C590605B-6340-4562-BE89-8A6A4D27E034}.Release|Any CPU.Build.0 = Release|Any CPU
	EndGlobalSection
	GlobalSection(SolutionProperties) = preSolution
		HideSolutionNode = FALSE
	EndGlobalSection
	GlobalSection(NestedProjects) = preSolution
		{B3A19182-4AD7-4586-973F-A3087BA7B59B} = {1B7D5C28-8CBA-4664-9499-474C0B133B1D}
		{D171C340-54BF-411E-9406-65831D8FB7A2} = {1B7D5C28-8CBA-4664-9499-474C0B133B1D}
		{C590605B-6340-4562-BE89-8A6A4D27E034} = {1B7D5C28-8CBA-4664-9499-474C0B133B1D}
	EndGlobalSection
	GlobalSection(ExtensibilityGlobals) = postSolution
		SolutionGuid = {ED0E86E9-BFF2-4363-8040-7CE748A04A71}
	EndGlobalSection
EndGlobal
